
Microsoft Visual Studio Solution File, Format Version 12.00
# Visual Studio Version 16
VisualStudioVersion = 16.0.31005.135
MinimumVisualStudioVersion = 10.0.40219.1
Project("{FAE04EC0-301F-11D3-BF4B-00C04F79EFBC}") = "ConsoleApp2", "ConsoleApp2\ConsoleApp2.csproj", "{CBFE30F7-00F0-484F-928C-6D5C88CBBEB1}"
EndProject
Project("{FAE04EC0-301F-11D3-BF4B-00C04F79EFBC}") = "XUnitTestProject1", "XUnitTestProject1\XUnitTestProject1.csproj", "{8CA2EE8B-D631-42B0-81CF-947AFD6A33A9}"
EndProject
Global
	GlobalSection(SolutionConfigurationPlatforms) = preSolution
		Debug|Any CPU = Debug|Any CPU
		Release|Any CPU = Release|Any CPU
	EndGlobalSection
	GlobalSection(ProjectConfigurationPlatforms) = postSolution
		{CBFE30F7-00F0-484F-928C-6D5C88CBBEB1}.Debug|Any CPU.ActiveCfg = Debug|Any CPU
		{CBFE30F7-00F0-484F-928C-6D5C88CBBEB1}.Debug|Any CPU.Build.0 = Debug|Any CPU
		{CBFE30F7-00F0-484F-928C-6D5C88CBBEB1}.Release|Any CPU.ActiveCfg = Release|Any CPU
		{CBFE30F7-00F0-484F-928C-6D5C88CBBEB1}.Release|Any CPU.Build.0 = Release|Any CPU
		{8CA2EE8B-D631-42B0-81CF-947AFD6A33A9}.Debug|Any CPU.ActiveCfg = Debug|Any CPU
		{8CA2EE8B-D631-42B0-81CF-947AFD6A33A9}.Debug|Any CPU.Build.0 = Debug|Any CPU
		{8CA2EE8B-D631-42B0-81CF-947AFD6A33A9}.Release|Any CPU.ActiveCfg = Release|Any CPU
		{8CA2EE8B-D631-42B0-81CF-947AFD6A33A9}.Release|Any CPU.Build.0 = Release|Any CPU
	EndGlobalSection
	GlobalSection(SolutionProperties) = preSolution
		HideSolutionNode = FALSE
	EndGlobalSection
	GlobalSection(ExtensibilityGlobals) = postSolution
		SolutionGuid = {AF61DB58-D17D-4E55-BAFF-EBCD1879F6C2}
	EndGlobalSection
EndGlobal
